
Microsoft Visual Studio Solution File, Format Version 12.00
# Visual Studio Version 16
VisualStudioVersion = 16.0.30413.136
MinimumVisualStudioVersion = 15.0.26124.0
Project("{2150E333-8FDC-42A3-9474-1A3956D46DE8}") = "1-Web", "1-Web", "{2F3460FD-F339-431B-8464-9D277A5CFB82}"
EndProject
Project("{2150E333-8FDC-42A3-9474-1A3956D46DE8}") = "2-Application", "2-Application", "{C8576978-EB5F-4CC5-BCD9-2B815EA367FC}"
EndProject
Project("{2150E333-8FDC-42A3-9474-1A3956D46DE8}") = "3-Domain", "3-Domain", "{D55C4D31-4643-4C81-96BE-21A1E5F460A6}"
EndProject
Project("{2150E333-8FDC-42A3-9474-1A3956D46DE8}") = "4-Infra", "4-Infra", "{D588E11C-EAC8-4D39-9A44-25136C5B54BE}"
EndProject
Project("{2150E333-8FDC-42A3-9474-1A3956D46DE8}") = "5-Cross", "5-Cross", "{D7190585-41F9-4C02-8DE9-3D18F44CA41F}"
EndProject
Project("{2150E333-8FDC-42A3-9474-1A3956D46DE8}") = "9-Tests", "9-Tests", "{FE03823E-08A0-4CD7-A71F-236F26091AA4}"
EndProject
Project("{9A19103F-16F7-4668-BE54-9A1E7A4F7556}") = "RSoft.Auth.Domain", "RSoft.Auth.Domain\RSoft.Auth.Domain.csproj", "{BF950F6E-DE44-4AC6-9785-902FED64B172}"
EndProject
Project("{9A19103F-16F7-4668-BE54-9A1E7A4F7556}") = "RSoft.Auth.Infra.Data", "RSoft.Auth.Infra.Data\RSoft.Auth.Infra.Data.csproj", "{781F232C-04FB-4E23-A82E-BBA794F472BC}"
EndProject
Project("{9A19103F-16F7-4668-BE54-9A1E7A4F7556}") = "RSoft.Auth.Cross.IoC", "RSoft.Auth.Cross.IoC\RSoft.Auth.Cross.IoC.csproj", "{EE13A7F6-B35F-459F-8325-46F9CA44CFC9}"
EndProject
Project("{9A19103F-16F7-4668-BE54-9A1E7A4F7556}") = "RSoft.Auth.Application", "RSoft.Auth.Application\RSoft.Auth.Application.csproj", "{C13FC9C0-5159-4754-9DBD-24ABAAA4108E}"
EndProject
Project("{9A19103F-16F7-4668-BE54-9A1E7A4F7556}") = "RSoft.Auth.Cross.Common", "RSoft.Auth.Cross.Common\RSoft.Auth.Cross.Common.csproj", "{CB4ACFA2-6105-4963-A5B0-0FAE35ED0F57}"
EndProject
Project("{9A19103F-16F7-4668-BE54-9A1E7A4F7556}") = "RSoft.Auth.Web.Api", "RSoft.Auth.Web.Api\RSoft.Auth.Web.Api.csproj", "{64FB8687-6BC3-4641-ACB0-E4C7B2D6BDF6}"
EndProject
Project("{2150E333-8FDC-42A3-9474-1A3956D46DE8}") = "0-Docs", "0-Docs", "{FFCA604B-7F7E-4FFC-BC98-FC1CC4C066D1}"
	ProjectSection(SolutionItems) = preProject
		..\README.md = ..\README.md
	EndProjectSection
EndProject
Global
	GlobalSection(SolutionConfigurationPlatforms) = preSolution
		Debug|Any CPU = Debug|Any CPU
		Debug|x64 = Debug|x64
		Debug|x86 = Debug|x86
		Release|Any CPU = Release|Any CPU
		Release|x64 = Release|x64
		Release|x86 = Release|x86
	EndGlobalSection
	GlobalSection(ProjectConfigurationPlatforms) = postSolution
		{BF950F6E-DE44-4AC6-9785-902FED64B172}.Debug|Any CPU.ActiveCfg = Debug|Any CPU
		{BF950F6E-DE44-4AC6-9785-902FED64B172}.Debug|Any CPU.Build.0 = Debug|Any CPU
		{BF950F6E-DE44-4AC6-9785-902FED64B172}.Debug|x64.ActiveCfg = Debug|Any CPU
		{BF950F6E-DE44-4AC6-9785-902FED64B172}.Debug|x64.Build.0 = Debug|Any CPU
		{BF950F6E-DE44-4AC6-9785-902FED64B172}.Debug|x86.ActiveCfg = Debug|Any CPU
		{BF950F6E-DE44-4AC6-9785-902FED64B172}.Debug|x86.Build.0 = Debug|Any CPU
		{BF950F6E-DE44-4AC6-9785-902FED64B172}.Release|Any CPU.ActiveCfg = Release|Any CPU
		{BF950F6E-DE44-4AC6-9785-902FED64B172}.Release|Any CPU.Build.0 = Release|Any CPU
		{BF950F6E-DE44-4AC6-9785-902FED64B172}.Release|x64.ActiveCfg = Release|Any CPU
		{BF950F6E-DE44-4AC6-9785-902FED64B172}.Release|x64.Build.0 = Release|Any CPU
		{BF950F6E-DE44-4AC6-9785-902FED64B172}.Release|x86.ActiveCfg = Release|Any CPU
		{BF950F6E-DE44-4AC6-9785-902FED64B172}.Release|x86.Build.0 = Release|Any CPU
		{781F232C-04FB-4E23-A82E-BBA794F472BC}.Debug|Any CPU.ActiveCfg = Debug|Any CPU
		{781F232C-04FB-4E23-A82E-BBA794F472BC}.Debug|Any CPU.Build.0 = Debug|Any CPU
		{781F232C-04FB-4E23-A82E-BBA794F472BC}.Debug|x64.ActiveCfg = Debug|Any CPU
		{781F232C-04FB-4E23-A82E-BBA794F472BC}.Debug|x64.Build.0 = Debug|Any CPU
		{781F232C-04FB-4E23-A82E-BBA794F472BC}.Debug|x86.ActiveCfg = Debug|Any CPU
		{781F232C-04FB-4E23-A82E-BBA794F472BC}.Debug|x86.Build.0 = Debug|Any CPU
		{781F232C-04FB-4E23-A82E-BBA794F472BC}.Release|Any CPU.ActiveCfg = Release|Any CPU
		{781F232C-04FB-4E23-A82E-BBA794F472BC}.Release|Any CPU.Build.0 = Release|Any CPU
		{781F232C-04FB-4E23-A82E-BBA794F472BC}.Release|x64.ActiveCfg = Release|Any CPU
		{781F232C-04FB-4E23-A82E-BBA794F472BC}.Release|x64.Build.0 = Release|Any CPU
		{781F232C-04FB-4E23-A82E-BBA794F472BC}.Release|x86.ActiveCfg = Release|Any CPU
		{781F232C-04FB-4E23-A82E-BBA794F472BC}.Release|x86.Build.0 = Release|Any CPU
		{EE13A7F6-B35F-459F-8325-46F9CA44CFC9}.Debug|Any CPU.ActiveCfg = Debug|Any CPU
		{EE13A7F6-B35F-459F-8325-46F9CA44CFC9}.Debug|Any CPU.Build.0 = Debug|Any CPU
		{EE13A7F6-B35F-459F-8325-46F9CA44CFC9}.Debug|x64.ActiveCfg = Debug|Any CPU
		{EE13A7F6-B35F-459F-8325-46F9CA44CFC9}.Debug|x64.Build.0 = Debug|Any CPU
		{EE13A7F6-B35F-459F-8325-46F9CA44CFC9}.Debug|x86.ActiveCfg = Debug|Any CPU
		{EE13A7F6-B35F-459F-8325-46F9CA44CFC9}.Debug|x86.Build.0 = Debug|Any CPU
		{EE13A7F6-B35F-459F-8325-46F9CA44CFC9}.Release|Any CPU.ActiveCfg = Release|Any CPU
		{EE13A7F6-B35F-459F-8325-46F9CA44CFC9}.Release|Any CPU.Build.0 = Release|Any CPU
		{EE13A7F6-B35F-459F-8325-46F9CA44CFC9}.Release|x64.ActiveCfg = Release|Any CPU
		{EE13A7F6-B35F-459F-8325-46F9CA44CFC9}.Release|x64.Build.0 = Release|Any CPU
		{EE13A7F6-B35F-459F-8325-46F9CA44CFC9}.Release|x86.ActiveCfg = Release|Any CPU
		{EE13A7F6-B35F-459F-8325-46F9CA44CFC9}.Release|x86.Build.0 = Release|Any CPU
		{C13FC9C0-5159-4754-9DBD-24ABAAA4108E}.Debug|Any CPU.ActiveCfg = Debug|Any CPU
		{C13FC9C0-5159-4754-9DBD-24ABAAA4108E}.Debug|Any CPU.Build.0 = Debug|Any CPU
		{C13FC9C0-5159-4754-9DBD-24ABAAA4108E}.Debug|x64.ActiveCfg = Debug|Any CPU
		{C13FC9C0-5159-4754-9DBD-24ABAAA4108E}.Debug|x64.Build.0 = Debug|Any CPU
		{C13FC9C0-5159-4754-9DBD-24ABAAA4108E}.Debug|x86.ActiveCfg = Debug|Any CPU
		{C13FC9C0-5159-4754-9DBD-24ABAAA4108E}.Debug|x86.Build.0 = Debug|Any CPU
		{C13FC9C0-5159-4754-9DBD-24ABAAA4108E}.Release|Any CPU.ActiveCfg = Release|Any CPU
		{C13FC9C0-5159-4754-9DBD-24ABAAA4108E}.Release|Any CPU.Build.0 = Release|Any CPU
		{C13FC9C0-5159-4754-9DBD-24ABAAA4108E}.Release|x64.ActiveCfg = Release|Any CPU
		{C13FC9C0-5159-4754-9DBD-24ABAAA4108E}.Release|x64.Build.0 = Release|Any CPU
		{C13FC9C0-5159-4754-9DBD-24ABAAA4108E}.Release|x86.ActiveCfg = Release|Any CPU
		{C13FC9C0-5159-4754-9DBD-24ABAAA4108E}.Release|x86.Build.0 = Release|Any CPU
		{CB4ACFA2-6105-4963-A5B0-0FAE35ED0F57}.Debug|Any CPU.ActiveCfg = Debug|Any CPU
		{CB4ACFA2-6105-4963-A5B0-0FAE35ED0F57}.Debug|Any CPU.Build.0 = Debug|Any CPU
		{CB4ACFA2-6105-4963-A5B0-0FAE35ED0F57}.Debug|x64.ActiveCfg = Debug|Any CPU
		{CB4ACFA2-6105-4963-A5B0-0FAE35ED0F57}.Debug|x64.Build.0 = Debug|Any CPU
		{CB4ACFA2-6105-4963-A5B0-0FAE35ED0F57}.Debug|x86.ActiveCfg = Debug|Any CPU
		{CB4ACFA2-6105-4963-A5B0-0FAE35ED0F57}.Debug|x86.Build.0 = Debug|Any CPU
		{CB4ACFA2-6105-4963-A5B0-0FAE35ED0F57}.Release|Any CPU.ActiveCfg = Release|Any CPU
		{CB4ACFA2-6105-4963-A5B0-0FAE35ED0F57}.Release|Any CPU.Build.0 = Release|Any CPU
		{CB4ACFA2-6105-4963-A5B0-0FAE35ED0F57}.Release|x64.ActiveCfg = Release|Any CPU
		{CB4ACFA2-6105-4963-A5B0-0FAE35ED0F57}.Release|x64.Build.0 = Release|Any CPU
		{CB4ACFA2-6105-4963-A5B0-0FAE35ED0F57}.Release|x86.ActiveCfg = Release|Any CPU
		{CB4ACFA2-6105-4963-A5B0-0FAE35ED0F57}.Release|x86.Build.0 = Release|Any CPU
		{64FB8687-6BC3-4641-ACB0-E4C7B2D6BDF6}.Debug|Any CPU.ActiveCfg = Debug|Any CPU
		{64FB8687-6BC3-4641-ACB0-E4C7B2D6BDF6}.Debug|Any CPU.Build.0 = Debug|Any CPU
		{64FB8687-6BC3-4641-ACB0-E4C7B2D6BDF6}.Debug|x64.ActiveCfg = Debug|Any CPU
		{64FB8687-6BC3-4641-ACB0-E4C7B2D6BDF6}.Debug|x64.Build.0 = Debug|Any CPU
		{64FB8687-6BC3-4641-ACB0-E4C7B2D6BDF6}.Debug|x86.ActiveCfg = Debug|Any CPU
		{64FB8687-6BC3-4641-ACB0-E4C7B2D6BDF6}.Debug|x86.Build.0 = Debug|Any CPU
		{64FB8687-6BC3-4641-ACB0-E4C7B2D6BDF6}.Release|Any CPU.ActiveCfg = Release|Any CPU
		{64FB8687-6BC3-4641-ACB0-E4C7B2D6BDF6}.Release|Any CPU.Build.0 = Release|Any CPU
		{64FB8687-6BC3-4641-ACB0-E4C7B2D6BDF6}.Release|x64.ActiveCfg = Release|Any CPU
		{64FB8687-6BC3-4641-ACB0-E4C7B2D6BDF6}.Release|x64.Build.0 = Release|Any CPU
		{64FB8687-6BC3-4641-ACB0-E4C7B2D6BDF6}.Release|x86.ActiveCfg = Release|Any CPU
		{64FB8687-6BC3-4641-ACB0-E4C7B2D6BDF6}.Release|x86.Build.0 = Release|Any CPU
	EndGlobalSection
	GlobalSection(SolutionProperties) = preSolution
		HideSolutionNode = FALSE
	EndGlobalSection
	GlobalSection(NestedProjects) = preSolution
		{BF950F6E-DE44-4AC6-9785-902FED64B172} = {D55C4D31-4643-4C81-96BE-21A1E5F460A6}
		{781F232C-04FB-4E23-A82E-BBA794F472BC} = {D588E11C-EAC8-4D39-9A44-25136C5B54BE}
		{EE13A7F6-B35F-459F-8325-46F9CA44CFC9} = {D7190585-41F9-4C02-8DE9-3D18F44CA41F}
		{C13FC9C0-5159-4754-9DBD-24ABAAA4108E} = {C8576978-EB5F-4CC5-BCD9-2B815EA367FC}
		{CB4ACFA2-6105-4963-A5B0-0FAE35ED0F57} = {D7190585-41F9-4C02-8DE9-3D18F44CA41F}
		{64FB8687-6BC3-4641-ACB0-E4C7B2D6BDF6} = {2F3460FD-F339-431B-8464-9D277A5CFB82}
	EndGlobalSection
	GlobalSection(ExtensibilityGlobals) = postSolution
		SolutionGuid = {0AF8D4A1-68F0-4527-8629-1926633A1E52}
	EndGlobalSection
EndGlobal
